
Microsoft Visual Studio Solution File, Format Version 12.00
# Visual Studio Version 17
VisualStudioVersion = 17.0.32014.148
MinimumVisualStudioVersion = 10.0.40219.1
Project("{9A19103F-16F7-4668-BE54-9A1E7A4F7556}") = "IntroLinq", "IntroLinq\IntroLinq.csproj", "{B9BAC1EC-D57B-4A0E-A27D-2F44B9122357}"
EndProject
Project("{9A19103F-16F7-4668-BE54-9A1E7A4F7556}") = "clausulasFrom", "clausulasFrom\clausulasFrom.csproj", "{EBA30779-BAB1-4917-B0AE-271C1B7933E8}"
EndProject
Project("{FAE04EC0-301F-11D3-BF4B-00C04F79EFBC}") = "Join", "Join\Join.csproj", "{7D5A84BA-DF3E-4594-82F0-FA00233799F2}"
EndProject
Project("{FAE04EC0-301F-11D3-BF4B-00C04F79EFBC}") = "Let", "Let\Let.csproj", "{667A8C87-65B5-4DF6-9116-CD9AD79F6922}"
EndProject
Project("{FAE04EC0-301F-11D3-BF4B-00C04F79EFBC}") = "OperadoresLinq", "OperadoresLinq\OperadoresLinq.csproj", "{93CBBD25-9B4C-4E06-A922-A39E0EF8809A}"
EndProject
Global
	GlobalSection(SolutionConfigurationPlatforms) = preSolution
		Debug|Any CPU = Debug|Any CPU
		Release|Any CPU = Release|Any CPU
	EndGlobalSection
	GlobalSection(ProjectConfigurationPlatforms) = postSolution
		{B9BAC1EC-D57B-4A0E-A27D-2F44B9122357}.Debug|Any CPU.ActiveCfg = Debug|Any CPU
		{B9BAC1EC-D57B-4A0E-A27D-2F44B9122357}.Debug|Any CPU.Build.0 = Debug|Any CPU
		{B9BAC1EC-D57B-4A0E-A27D-2F44B9122357}.Release|Any CPU.ActiveCfg = Release|Any CPU
		{B9BAC1EC-D57B-4A0E-A27D-2F44B9122357}.Release|Any CPU.Build.0 = Release|Any CPU
		{EBA30779-BAB1-4917-B0AE-271C1B7933E8}.Debug|Any CPU.ActiveCfg = Debug|Any CPU
		{EBA30779-BAB1-4917-B0AE-271C1B7933E8}.Debug|Any CPU.Build.0 = Debug|Any CPU
		{EBA30779-BAB1-4917-B0AE-271C1B7933E8}.Release|Any CPU.ActiveCfg = Release|Any CPU
		{EBA30779-BAB1-4917-B0AE-271C1B7933E8}.Release|Any CPU.Build.0 = Release|Any CPU
		{7D5A84BA-DF3E-4594-82F0-FA00233799F2}.Debug|Any CPU.ActiveCfg = Debug|Any CPU
		{7D5A84BA-DF3E-4594-82F0-FA00233799F2}.Debug|Any CPU.Build.0 = Debug|Any CPU
		{7D5A84BA-DF3E-4594-82F0-FA00233799F2}.Release|Any CPU.ActiveCfg = Release|Any CPU
		{7D5A84BA-DF3E-4594-82F0-FA00233799F2}.Release|Any CPU.Build.0 = Release|Any CPU
		{667A8C87-65B5-4DF6-9116-CD9AD79F6922}.Debug|Any CPU.ActiveCfg = Debug|Any CPU
		{667A8C87-65B5-4DF6-9116-CD9AD79F6922}.Debug|Any CPU.Build.0 = Debug|Any CPU
		{667A8C87-65B5-4DF6-9116-CD9AD79F6922}.Release|Any CPU.ActiveCfg = Release|Any CPU
		{667A8C87-65B5-4DF6-9116-CD9AD79F6922}.Release|Any CPU.Build.0 = Release|Any CPU
		{93CBBD25-9B4C-4E06-A922-A39E0EF8809A}.Debug|Any CPU.ActiveCfg = Debug|Any CPU
		{93CBBD25-9B4C-4E06-A922-A39E0EF8809A}.Debug|Any CPU.Build.0 = Debug|Any CPU
		{93CBBD25-9B4C-4E06-A922-A39E0EF8809A}.Release|Any CPU.ActiveCfg = Release|Any CPU
		{93CBBD25-9B4C-4E06-A922-A39E0EF8809A}.Release|Any CPU.Build.0 = Release|Any CPU
	EndGlobalSection
	GlobalSection(SolutionProperties) = preSolution
		HideSolutionNode = FALSE
	EndGlobalSection
	GlobalSection(ExtensibilityGlobals) = postSolution
		SolutionGuid = {BF778F5C-5FA0-4291-B452-480E226486C4}
	EndGlobalSection
EndGlobal
